
Microsoft Visual Studio Solution File, Format Version 12.00
# Visual Studio 15
VisualStudioVersion = 15.0.28010.2019
MinimumVisualStudioVersion = 10.0.40219.1
Project("{FAE04EC0-301F-11D3-BF4B-00C04F79EFBC}") = "Practica2_GrafMult", "Practica2_GrafMult\Practica2_GrafMult.csproj", "{650DBDF4-E3EE-43E6-9624-47D3A3A08633}"
EndProject
Global
	GlobalSection(SolutionConfigurationPlatforms) = preSolution
		Debug|Any CPU = Debug|Any CPU
		Release|Any CPU = Release|Any CPU
	EndGlobalSection
	GlobalSection(ProjectConfigurationPlatforms) = postSolution
		{650DBDF4-E3EE-43E6-9624-47D3A3A08633}.Debug|Any CPU.ActiveCfg = Debug|Any CPU
		{650DBDF4-E3EE-43E6-9624-47D3A3A08633}.Debug|Any CPU.Build.0 = Debug|Any CPU
		{650DBDF4-E3EE-43E6-9624-47D3A3A08633}.Release|Any CPU.ActiveCfg = Release|Any CPU
		{650DBDF4-E3EE-43E6-9624-47D3A3A08633}.Release|Any CPU.Build.0 = Release|Any CPU
	EndGlobalSection
	GlobalSection(SolutionProperties) = preSolution
		HideSolutionNode = FALSE
	EndGlobalSection
	GlobalSection(ExtensibilityGlobals) = postSolution
		SolutionGuid = {55CCEDF0-5CD7-4D8E-9773-A40FDD763115}
	EndGlobalSection
EndGlobal
