
Microsoft Visual Studio Solution File, Format Version 12.00
# Visual Studio 15
VisualStudioVersion = 15.0.28010.2019
MinimumVisualStudioVersion = 10.0.40219.1
Project("{FAE04EC0-301F-11D3-BF4B-00C04F79EFBC}") = "PracticaAudioVideo_GrafMult", "PracticaAudioVideo_GrafMult\PracticaAudioVideo_GrafMult.csproj", "{60AA7B7F-5761-425D-8665-295E8A18BD70}"
EndProject
Global
	GlobalSection(SolutionConfigurationPlatforms) = preSolution
		Debug|Any CPU = Debug|Any CPU
		Release|Any CPU = Release|Any CPU
	EndGlobalSection
	GlobalSection(ProjectConfigurationPlatforms) = postSolution
		{60AA7B7F-5761-425D-8665-295E8A18BD70}.Debug|Any CPU.ActiveCfg = Debug|Any CPU
		{60AA7B7F-5761-425D-8665-295E8A18BD70}.Debug|Any CPU.Build.0 = Debug|Any CPU
		{60AA7B7F-5761-425D-8665-295E8A18BD70}.Release|Any CPU.ActiveCfg = Release|Any CPU
		{60AA7B7F-5761-425D-8665-295E8A18BD70}.Release|Any CPU.Build.0 = Release|Any CPU
	EndGlobalSection
	GlobalSection(SolutionProperties) = preSolution
		HideSolutionNode = FALSE
	EndGlobalSection
	GlobalSection(ExtensibilityGlobals) = postSolution
		SolutionGuid = {A6A92BD0-DF7F-42A8-B3DF-3BEDD1AC7B9C}
	EndGlobalSection
EndGlobal
